
Microsoft Visual Studio Solution File, Format Version 12.00
# Visual Studio 15
VisualStudioVersion = 15.0.26020.0
MinimumVisualStudioVersion = 10.0.40219.1
Project("{2150E333-8FDC-42A3-9474-1A3956D46DE8}") = "src", "src", "{31993304-902E-437F-A24B-2BC6F17061F3}"
EndProject
Project("{FAE04EC0-301F-11D3-BF4B-00C04F79EFBC}") = "Lab8", "src\Lab8\Lab8.csproj", "{9D59F770-EF3E-427E-A1C0-564306372914}"
EndProject
Global
	GlobalSection(SolutionConfigurationPlatforms) = preSolution
		Debug|Any CPU = Debug|Any CPU
		Debug|x64 = Debug|x64
		Debug|x86 = Debug|x86
		Release|Any CPU = Release|Any CPU
		Release|x64 = Release|x64
		Release|x86 = Release|x86
	EndGlobalSection
	GlobalSection(ProjectConfigurationPlatforms) = postSolution
		{9D59F770-EF3E-427E-A1C0-564306372914}.Debug|Any CPU.ActiveCfg = Debug|Any CPU
		{9D59F770-EF3E-427E-A1C0-564306372914}.Debug|Any CPU.Build.0 = Debug|Any CPU
		{9D59F770-EF3E-427E-A1C0-564306372914}.Debug|x64.ActiveCfg = Debug|x64
		{9D59F770-EF3E-427E-A1C0-564306372914}.Debug|x64.Build.0 = Debug|x64
		{9D59F770-EF3E-427E-A1C0-564306372914}.Debug|x86.ActiveCfg = Debug|x86
		{9D59F770-EF3E-427E-A1C0-564306372914}.Debug|x86.Build.0 = Debug|x86
		{9D59F770-EF3E-427E-A1C0-564306372914}.Release|Any CPU.ActiveCfg = Release|Any CPU
		{9D59F770-EF3E-427E-A1C0-564306372914}.Release|Any CPU.Build.0 = Release|Any CPU
		{9D59F770-EF3E-427E-A1C0-564306372914}.Release|x64.ActiveCfg = Release|x64
		{9D59F770-EF3E-427E-A1C0-564306372914}.Release|x64.Build.0 = Release|x64
		{9D59F770-EF3E-427E-A1C0-564306372914}.Release|x86.ActiveCfg = Release|x86
		{9D59F770-EF3E-427E-A1C0-564306372914}.Release|x86.Build.0 = Release|x86
	EndGlobalSection
	GlobalSection(SolutionProperties) = preSolution
		HideSolutionNode = FALSE
	EndGlobalSection
	GlobalSection(NestedProjects) = preSolution
		{9D59F770-EF3E-427E-A1C0-564306372914} = {31993304-902E-437F-A24B-2BC6F17061F3}
	EndGlobalSection
EndGlobal
