
Microsoft Visual Studio Solution File, Format Version 12.00
# Visual Studio 15
VisualStudioVersion = 15.0.26020.0
MinimumVisualStudioVersion = 10.0.40219.1
Project("{2150E333-8FDC-42A3-9474-1A3956D46DE8}") = "src", "src", "{665FCCEE-47C5-4936-ADA0-F7E3A0430E87}"
EndProject
Project("{9A19103F-16F7-4668-BE54-9A1E7A4F7556}") = "Lab5", "src\Lab5\Lab5.csproj", "{091CD54A-0190-4CFC-A20E-BABD61799536}"
EndProject
Global
	GlobalSection(SolutionConfigurationPlatforms) = preSolution
		Debug|Any CPU = Debug|Any CPU
		Release|Any CPU = Release|Any CPU
	EndGlobalSection
	GlobalSection(ProjectConfigurationPlatforms) = postSolution
		{091CD54A-0190-4CFC-A20E-BABD61799536}.Debug|Any CPU.ActiveCfg = Debug|Any CPU
		{091CD54A-0190-4CFC-A20E-BABD61799536}.Debug|Any CPU.Build.0 = Debug|Any CPU
		{091CD54A-0190-4CFC-A20E-BABD61799536}.Release|Any CPU.ActiveCfg = Release|Any CPU
		{091CD54A-0190-4CFC-A20E-BABD61799536}.Release|Any CPU.Build.0 = Release|Any CPU
	EndGlobalSection
	GlobalSection(SolutionProperties) = preSolution
		HideSolutionNode = FALSE
	EndGlobalSection
	GlobalSection(NestedProjects) = preSolution
		{091CD54A-0190-4CFC-A20E-BABD61799536} = {665FCCEE-47C5-4936-ADA0-F7E3A0430E87}
	EndGlobalSection
EndGlobal
